
Microsoft Visual Studio Solution File, Format Version 12.00
# Visual Studio 14
VisualStudioVersion = 14.0.25420.1
MinimumVisualStudioVersion = 10.0.40219.1
Project("{FAE04EC0-301F-11D3-BF4B-00C04F79EFBC}") = "Database.net", "Database.net.csproj", "{EC4B1A4E-1368-48FE-AB3C-7C40F82A8A4E}"
EndProject
Global
	GlobalSection(SolutionConfigurationPlatforms) = preSolution
		Debug|Any CPU = Debug|Any CPU
		Release|Any CPU = Release|Any CPU
	EndGlobalSection
	GlobalSection(ProjectConfigurationPlatforms) = postSolution
		{EC4B1A4E-1368-48FE-AB3C-7C40F82A8A4E}.Debug|Any CPU.ActiveCfg = Debug|Any CPU
		{EC4B1A4E-1368-48FE-AB3C-7C40F82A8A4E}.Debug|Any CPU.Build.0 = Debug|Any CPU
		{EC4B1A4E-1368-48FE-AB3C-7C40F82A8A4E}.Release|Any CPU.ActiveCfg = Release|Any CPU
		{EC4B1A4E-1368-48FE-AB3C-7C40F82A8A4E}.Release|Any CPU.Build.0 = Release|Any CPU
	EndGlobalSection
	GlobalSection(SolutionProperties) = preSolution
		HideSolutionNode = FALSE
	EndGlobalSection
EndGlobal
